
Microsoft Visual Studio Solution File, Format Version 12.00
# Visual Studio Version 16
VisualStudioVersion = 16.0.31424.327
MinimumVisualStudioVersion = 10.0.40219.1
Project("{FAE04EC0-301F-11D3-BF4B-00C04F79EFBC}") = "ProjectEstacionamento", "ProjectEstacionamento\ProjectEstacionamento.csproj", "{D1B30A8F-2F72-4E15-AAF0-48A3B7E68F44}"
EndProject
Global
	GlobalSection(SolutionConfigurationPlatforms) = preSolution
		Debug|Any CPU = Debug|Any CPU
		Release|Any CPU = Release|Any CPU
	EndGlobalSection
	GlobalSection(ProjectConfigurationPlatforms) = postSolution
		{D1B30A8F-2F72-4E15-AAF0-48A3B7E68F44}.Debug|Any CPU.ActiveCfg = Debug|Any CPU
		{D1B30A8F-2F72-4E15-AAF0-48A3B7E68F44}.Debug|Any CPU.Build.0 = Debug|Any CPU
		{D1B30A8F-2F72-4E15-AAF0-48A3B7E68F44}.Release|Any CPU.ActiveCfg = Release|Any CPU
		{D1B30A8F-2F72-4E15-AAF0-48A3B7E68F44}.Release|Any CPU.Build.0 = Release|Any CPU
	EndGlobalSection
	GlobalSection(SolutionProperties) = preSolution
		HideSolutionNode = FALSE
	EndGlobalSection
	GlobalSection(ExtensibilityGlobals) = postSolution
		SolutionGuid = {19EE6B6D-2032-4121-955E-67146BDC2146}
	EndGlobalSection
EndGlobal
